
Microsoft Visual Studio Solution File, Format Version 12.00
# Visual Studio Version 17
VisualStudioVersion = 17.5.002.0
MinimumVisualStudioVersion = 10.0.40219.1
Project("{9A19103F-16F7-4668-BE54-9A1E7A4F7556}") = "Exercicio2", "Exercicio2.csproj", "{F3BEA844-9169-4D05-AE2F-5856656C1DE7}"
EndProject
Global
	GlobalSection(SolutionConfigurationPlatforms) = preSolution
		Debug|Any CPU = Debug|Any CPU
		Release|Any CPU = Release|Any CPU
	EndGlobalSection
	GlobalSection(ProjectConfigurationPlatforms) = postSolution
		{F3BEA844-9169-4D05-AE2F-5856656C1DE7}.Debug|Any CPU.ActiveCfg = Debug|Any CPU
		{F3BEA844-9169-4D05-AE2F-5856656C1DE7}.Debug|Any CPU.Build.0 = Debug|Any CPU
		{F3BEA844-9169-4D05-AE2F-5856656C1DE7}.Release|Any CPU.ActiveCfg = Release|Any CPU
		{F3BEA844-9169-4D05-AE2F-5856656C1DE7}.Release|Any CPU.Build.0 = Release|Any CPU
	EndGlobalSection
	GlobalSection(SolutionProperties) = preSolution
		HideSolutionNode = FALSE
	EndGlobalSection
	GlobalSection(ExtensibilityGlobals) = postSolution
		SolutionGuid = {B8223F74-054C-47FE-B80A-2AE4F6C59F87}
	EndGlobalSection
EndGlobal
