
Microsoft Visual Studio Solution File, Format Version 12.00
# Visual Studio Version 17
VisualStudioVersion = 17.5.002.0
MinimumVisualStudioVersion = 10.0.40219.1
Project("{9A19103F-16F7-4668-BE54-9A1E7A4F7556}") = "Ex5", "Ex5.csproj", "{FB6840A3-E498-4945-A68C-C014816DECEA}"
EndProject
Global
	GlobalSection(SolutionConfigurationPlatforms) = preSolution
		Debug|Any CPU = Debug|Any CPU
		Release|Any CPU = Release|Any CPU
	EndGlobalSection
	GlobalSection(ProjectConfigurationPlatforms) = postSolution
		{FB6840A3-E498-4945-A68C-C014816DECEA}.Debug|Any CPU.ActiveCfg = Debug|Any CPU
		{FB6840A3-E498-4945-A68C-C014816DECEA}.Debug|Any CPU.Build.0 = Debug|Any CPU
		{FB6840A3-E498-4945-A68C-C014816DECEA}.Release|Any CPU.ActiveCfg = Release|Any CPU
		{FB6840A3-E498-4945-A68C-C014816DECEA}.Release|Any CPU.Build.0 = Release|Any CPU
	EndGlobalSection
	GlobalSection(SolutionProperties) = preSolution
		HideSolutionNode = FALSE
	EndGlobalSection
	GlobalSection(ExtensibilityGlobals) = postSolution
		SolutionGuid = {F51DD9A9-B437-4753-8557-9BC53B4D0B4C}
	EndGlobalSection
EndGlobal
