
Microsoft Visual Studio Solution File, Format Version 12.00
# Visual Studio Version 17
VisualStudioVersion = 17.5.002.0
MinimumVisualStudioVersion = 10.0.40219.1
Project("{9A19103F-16F7-4668-BE54-9A1E7A4F7556}") = "Exercicio2", "Exercicio2.csproj", "{52690591-203E-41E3-9D36-0AF2EEA9DD6A}"
EndProject
Global
	GlobalSection(SolutionConfigurationPlatforms) = preSolution
		Debug|Any CPU = Debug|Any CPU
		Release|Any CPU = Release|Any CPU
	EndGlobalSection
	GlobalSection(ProjectConfigurationPlatforms) = postSolution
		{52690591-203E-41E3-9D36-0AF2EEA9DD6A}.Debug|Any CPU.ActiveCfg = Debug|Any CPU
		{52690591-203E-41E3-9D36-0AF2EEA9DD6A}.Debug|Any CPU.Build.0 = Debug|Any CPU
		{52690591-203E-41E3-9D36-0AF2EEA9DD6A}.Release|Any CPU.ActiveCfg = Release|Any CPU
		{52690591-203E-41E3-9D36-0AF2EEA9DD6A}.Release|Any CPU.Build.0 = Release|Any CPU
	EndGlobalSection
	GlobalSection(SolutionProperties) = preSolution
		HideSolutionNode = FALSE
	EndGlobalSection
	GlobalSection(ExtensibilityGlobals) = postSolution
		SolutionGuid = {476B3A04-9A50-4D04-89F1-9041ADEFE051}
	EndGlobalSection
EndGlobal
