
Microsoft Visual Studio Solution File, Format Version 12.00
# Visual Studio Version 17
VisualStudioVersion = 17.5.002.0
MinimumVisualStudioVersion = 10.0.40219.1
Project("{9A19103F-16F7-4668-BE54-9A1E7A4F7556}") = "Ex3", "Ex3.csproj", "{0EF54EF2-688A-4EC0-AA80-2A4D6FA9A3E4}"
EndProject
Global
	GlobalSection(SolutionConfigurationPlatforms) = preSolution
		Debug|Any CPU = Debug|Any CPU
		Release|Any CPU = Release|Any CPU
	EndGlobalSection
	GlobalSection(ProjectConfigurationPlatforms) = postSolution
		{0EF54EF2-688A-4EC0-AA80-2A4D6FA9A3E4}.Debug|Any CPU.ActiveCfg = Debug|Any CPU
		{0EF54EF2-688A-4EC0-AA80-2A4D6FA9A3E4}.Debug|Any CPU.Build.0 = Debug|Any CPU
		{0EF54EF2-688A-4EC0-AA80-2A4D6FA9A3E4}.Release|Any CPU.ActiveCfg = Release|Any CPU
		{0EF54EF2-688A-4EC0-AA80-2A4D6FA9A3E4}.Release|Any CPU.Build.0 = Release|Any CPU
	EndGlobalSection
	GlobalSection(SolutionProperties) = preSolution
		HideSolutionNode = FALSE
	EndGlobalSection
	GlobalSection(ExtensibilityGlobals) = postSolution
		SolutionGuid = {D6A5C737-A2F6-453E-8F9C-D29B6D2787D3}
	EndGlobalSection
EndGlobal
