
Microsoft Visual Studio Solution File, Format Version 12.00
# Visual Studio Version 17
VisualStudioVersion = 17.5.002.0
MinimumVisualStudioVersion = 10.0.40219.1
Project("{9A19103F-16F7-4668-BE54-9A1E7A4F7556}") = "Ex1", "Ex1.csproj", "{B73629B1-FF1B-4F83-8057-30508034DBAD}"
EndProject
Global
	GlobalSection(SolutionConfigurationPlatforms) = preSolution
		Debug|Any CPU = Debug|Any CPU
		Release|Any CPU = Release|Any CPU
	EndGlobalSection
	GlobalSection(ProjectConfigurationPlatforms) = postSolution
		{B73629B1-FF1B-4F83-8057-30508034DBAD}.Debug|Any CPU.ActiveCfg = Debug|Any CPU
		{B73629B1-FF1B-4F83-8057-30508034DBAD}.Debug|Any CPU.Build.0 = Debug|Any CPU
		{B73629B1-FF1B-4F83-8057-30508034DBAD}.Release|Any CPU.ActiveCfg = Release|Any CPU
		{B73629B1-FF1B-4F83-8057-30508034DBAD}.Release|Any CPU.Build.0 = Release|Any CPU
	EndGlobalSection
	GlobalSection(SolutionProperties) = preSolution
		HideSolutionNode = FALSE
	EndGlobalSection
	GlobalSection(ExtensibilityGlobals) = postSolution
		SolutionGuid = {BE40D73C-A334-42A5-BC2A-C5F25D12C913}
	EndGlobalSection
EndGlobal
